
Microsoft Visual Studio Solution File, Format Version 12.00
Project("{FAE04EC0-301F-11D3-BF4B-00C04F79EFBC}") = "MyFinances", "MyFinances\MyFinances.csproj", "{F03512F6-23C6-413E-9E60-D4BF2F46A558}"
EndProject
Project("{FAE04EC0-301F-11D3-BF4B-00C04F79EFBC}") = "MyFinances.Tests", "MyFinances.Tests\MyFinances.Tests.csproj", "{A1B2C3D4-E5F6-47G8-H9I0-J1K2L3M4N5O6}"
EndProject
Global
	GlobalSection(SolutionConfigurationPlatforms) = preSolution
		Debug|Any CPU = Debug|Any CPU
		Release|Any CPU = Release|Any CPU
	EndGlobalSection
	GlobalSection(ProjectConfigurationPlatforms) = postSolution
		{F03512F6-23C6-413E-9E60-D4BF2F46A558}.Debug|Any CPU.ActiveCfg = Debug|Any CPU
		{F03512F6-23C6-413E-9E60-D4BF2F46A558}.Debug|Any CPU.Build.0 = Debug|Any CPU
		{F03512F6-23C6-413E-9E60-D4BF2F46A558}.Release|Any CPU.ActiveCfg = Release|Any CPU
		{F03512F6-23C6-413E-9E60-D4BF2F46A558}.Release|Any CPU.Build.0 = Release|Any CPU
		{A1B2C3D4-E5F6-47G8-H9I0-J1K2L3M4N5O6}.Debug|Any CPU.ActiveCfg = Debug|Any CPU
		{A1B2C3D4-E5F6-47G8-H9I0-J1K2L3M4N5O6}.Debug|Any CPU.Build.0 = Debug|Any CPU
		{A1B2C3D4-E5F6-47G8-H9I0-J1K2L3M4N5O6}.Release|Any CPU.ActiveCfg = Release|Any CPU
		{A1B2C3D4-E5F6-47G8-H9I0-J1K2L3M4N5O6}.Release|Any CPU.Build.0 = Release|Any CPU
	EndGlobalSection
EndGlobal
